
Microsoft Visual Studio Solution File, Format Version 12.00
# 
Project("{F2A71F9B-5D33-465A-A702-920D77279786}") = "Language", "src\Language\Language.fsproj", "{DD8A8A59-86D1-4450-BCA6-1165D7A27751}"
EndProject
Project("{F2A71F9B-5D33-465A-A702-920D77279786}") = "Disk", "src\Disk\Disk.fsproj", "{41C7C294-23CF-4DE0-8554-DD7D9DE66CF7}"
EndProject
Project("{2150E333-8FDC-42A3-9474-1A3956D46DE8}") = "src", "src", "{6AD0B9F5-B56E-418D-8CC6-B8C45BB86B3D}"
EndProject
Project("{F2A71F9B-5D33-465A-A702-920D77279786}") = "Executor", "src\Executor\Executor.fsproj", "{3F4497D3-1B6F-4248-8A06-2A3D53298FAF}"
EndProject
Global
	GlobalSection(ProjectConfigurationPlatforms) = postSolution
		{41C7C294-23CF-4DE0-8554-DD7D9DE66CF7}.|Any CPU.ActiveCfg = |Any CPU
		{41C7C294-23CF-4DE0-8554-DD7D9DE66CF7}.|Any CPU.Build.0 = |Any CPU
		{DD8A8A59-86D1-4450-BCA6-1165D7A27751}.|Any CPU.ActiveCfg = |Any CPU
		{DD8A8A59-86D1-4450-BCA6-1165D7A27751}.|Any CPU.Build.0 = |Any CPU
		{3F4497D3-1B6F-4248-8A06-2A3D53298FAF}.|Any CPU.ActiveCfg = Debug|Any CPU
		{3F4497D3-1B6F-4248-8A06-2A3D53298FAF}.|Any CPU.Build.0 = Debug|Any CPU
	EndGlobalSection
	GlobalSection(SolutionConfigurationPlatforms) = preSolution
		|Any CPU = |Any CPU
	EndGlobalSection
	GlobalSection(NestedProjects) = preSolution
		{3F4497D3-1B6F-4248-8A06-2A3D53298FAF} = {6AD0B9F5-B56E-418D-8CC6-B8C45BB86B3D}
	EndGlobalSection
EndGlobal
