
Microsoft Visual Studio Solution File, Format Version 12.00
#
Project("{F2A71F9B-5D33-465A-A702-920D77279786}") = "Language", "src\Language\Language.fsproj", "{DD8A8A59-86D1-4450-BCA6-1165D7A27751}"
EndProject
Project("{F2A71F9B-5D33-465A-A702-920D77279786}") = "Disk", "src\Disk\Disk.fsproj", "{41C7C294-23CF-4DE0-8554-DD7D9DE66CF7}"
EndProject
Global
	GlobalSection(ProjectConfigurationPlatforms) = postSolution
		{41C7C294-23CF-4DE0-8554-DD7D9DE66CF7}.|Any CPU.ActiveCfg = |Any CPU
		{41C7C294-23CF-4DE0-8554-DD7D9DE66CF7}.|Any CPU.Build.0 = |Any CPU
		{DD8A8A59-86D1-4450-BCA6-1165D7A27751}.|Any CPU.ActiveCfg = |Any CPU
		{DD8A8A59-86D1-4450-BCA6-1165D7A27751}.|Any CPU.Build.0 = |Any CPU
	EndGlobalSection
	GlobalSection(SolutionConfigurationPlatforms) = preSolution
		|Any CPU = |Any CPU
	EndGlobalSection
EndGlobal
