
Microsoft Visual Studio Solution File, Format Version 12.00
# Visual Studio Version 17
VisualStudioVersion = 17.8.34330.188
MinimumVisualStudioVersion = 10.0.40219.1
Project("{6EC3EE1D-3C4E-46DD-8F32-0CC8E7565705}") = "Language", "src\Language\Language.fsproj", "{DD8A8A59-86D1-4450-BCA6-1165D7A27751}"
EndProject
Project("{6EC3EE1D-3C4E-46DD-8F32-0CC8E7565705}") = "Disk", "src\Disk\Disk.fsproj", "{41C7C294-23CF-4DE0-8554-DD7D9DE66CF7}"
EndProject
Project("{2150E333-8FDC-42A3-9474-1A3956D46DE8}") = "src", "src", "{6AD0B9F5-B56E-418D-8CC6-B8C45BB86B3D}"
EndProject
Project("{6EC3EE1D-3C4E-46DD-8F32-0CC8E7565705}") = "Executor", "src\Executor\Executor.fsproj", "{3F4497D3-1B6F-4248-8A06-2A3D53298FAF}"
EndProject
Project("{6EC3EE1D-3C4E-46DD-8F32-0CC8E7565705}") = "Configuration", "src\Configuration\Configuration.fsproj", "{CFB5001B-7920-4097-B264-7BCE038B49F8}"
EndProject
Project("{6EC3EE1D-3C4E-46DD-8F32-0CC8E7565705}") = "Server", "src\Server\Server.fsproj", "{0287C181-1BC9-48CB-BB70-516E4CBBF81B}"
EndProject
Project("{8BC9CEB8-8B4A-11D0-8D11-00A0C91BC942}") = "Tree", "Tree\Tree.vcxproj", "{A7BDC884-6EF7-4146-8AC8-B04BCFBBA925}"
EndProject
Global
	GlobalSection(SolutionConfigurationPlatforms) = preSolution
		Debug|Any CPU = Debug|Any CPU
		Debug|x64 = Debug|x64
		Debug|x86 = Debug|x86
		Release|Any CPU = Release|Any CPU
		Release|x64 = Release|x64
		Release|x86 = Release|x86
	EndGlobalSection
	GlobalSection(ProjectConfigurationPlatforms) = postSolution
		{DD8A8A59-86D1-4450-BCA6-1165D7A27751}.Debug|Any CPU.ActiveCfg = Debug|Any CPU
		{DD8A8A59-86D1-4450-BCA6-1165D7A27751}.Debug|Any CPU.Build.0 = Debug|Any CPU
		{DD8A8A59-86D1-4450-BCA6-1165D7A27751}.Debug|x64.ActiveCfg = Debug|Any CPU
		{DD8A8A59-86D1-4450-BCA6-1165D7A27751}.Debug|x64.Build.0 = Debug|Any CPU
		{DD8A8A59-86D1-4450-BCA6-1165D7A27751}.Debug|x86.ActiveCfg = Debug|Any CPU
		{DD8A8A59-86D1-4450-BCA6-1165D7A27751}.Debug|x86.Build.0 = Debug|Any CPU
		{DD8A8A59-86D1-4450-BCA6-1165D7A27751}.Release|Any CPU.ActiveCfg = Release|Any CPU
		{DD8A8A59-86D1-4450-BCA6-1165D7A27751}.Release|Any CPU.Build.0 = Release|Any CPU
		{DD8A8A59-86D1-4450-BCA6-1165D7A27751}.Release|x64.ActiveCfg = Release|Any CPU
		{DD8A8A59-86D1-4450-BCA6-1165D7A27751}.Release|x64.Build.0 = Release|Any CPU
		{DD8A8A59-86D1-4450-BCA6-1165D7A27751}.Release|x86.ActiveCfg = Release|Any CPU
		{DD8A8A59-86D1-4450-BCA6-1165D7A27751}.Release|x86.Build.0 = Release|Any CPU
		{41C7C294-23CF-4DE0-8554-DD7D9DE66CF7}.Debug|Any CPU.ActiveCfg = Debug|Any CPU
		{41C7C294-23CF-4DE0-8554-DD7D9DE66CF7}.Debug|Any CPU.Build.0 = Debug|Any CPU
		{41C7C294-23CF-4DE0-8554-DD7D9DE66CF7}.Debug|x64.ActiveCfg = Debug|Any CPU
		{41C7C294-23CF-4DE0-8554-DD7D9DE66CF7}.Debug|x64.Build.0 = Debug|Any CPU
		{41C7C294-23CF-4DE0-8554-DD7D9DE66CF7}.Debug|x86.ActiveCfg = Debug|Any CPU
		{41C7C294-23CF-4DE0-8554-DD7D9DE66CF7}.Debug|x86.Build.0 = Debug|Any CPU
		{41C7C294-23CF-4DE0-8554-DD7D9DE66CF7}.Release|Any CPU.ActiveCfg = Release|Any CPU
		{41C7C294-23CF-4DE0-8554-DD7D9DE66CF7}.Release|Any CPU.Build.0 = Release|Any CPU
		{41C7C294-23CF-4DE0-8554-DD7D9DE66CF7}.Release|x64.ActiveCfg = Release|Any CPU
		{41C7C294-23CF-4DE0-8554-DD7D9DE66CF7}.Release|x64.Build.0 = Release|Any CPU
		{41C7C294-23CF-4DE0-8554-DD7D9DE66CF7}.Release|x86.ActiveCfg = Release|Any CPU
		{41C7C294-23CF-4DE0-8554-DD7D9DE66CF7}.Release|x86.Build.0 = Release|Any CPU
		{3F4497D3-1B6F-4248-8A06-2A3D53298FAF}.Debug|Any CPU.ActiveCfg = Debug|Any CPU
		{3F4497D3-1B6F-4248-8A06-2A3D53298FAF}.Debug|Any CPU.Build.0 = Debug|Any CPU
		{3F4497D3-1B6F-4248-8A06-2A3D53298FAF}.Debug|x64.ActiveCfg = Debug|Any CPU
		{3F4497D3-1B6F-4248-8A06-2A3D53298FAF}.Debug|x64.Build.0 = Debug|Any CPU
		{3F4497D3-1B6F-4248-8A06-2A3D53298FAF}.Debug|x86.ActiveCfg = Debug|Any CPU
		{3F4497D3-1B6F-4248-8A06-2A3D53298FAF}.Debug|x86.Build.0 = Debug|Any CPU
		{3F4497D3-1B6F-4248-8A06-2A3D53298FAF}.Release|Any CPU.ActiveCfg = Release|Any CPU
		{3F4497D3-1B6F-4248-8A06-2A3D53298FAF}.Release|Any CPU.Build.0 = Release|Any CPU
		{3F4497D3-1B6F-4248-8A06-2A3D53298FAF}.Release|x64.ActiveCfg = Release|Any CPU
		{3F4497D3-1B6F-4248-8A06-2A3D53298FAF}.Release|x64.Build.0 = Release|Any CPU
		{3F4497D3-1B6F-4248-8A06-2A3D53298FAF}.Release|x86.ActiveCfg = Release|Any CPU
		{3F4497D3-1B6F-4248-8A06-2A3D53298FAF}.Release|x86.Build.0 = Release|Any CPU
		{CFB5001B-7920-4097-B264-7BCE038B49F8}.Debug|Any CPU.ActiveCfg = Debug|Any CPU
		{CFB5001B-7920-4097-B264-7BCE038B49F8}.Debug|Any CPU.Build.0 = Debug|Any CPU
		{CFB5001B-7920-4097-B264-7BCE038B49F8}.Debug|x64.ActiveCfg = Debug|Any CPU
		{CFB5001B-7920-4097-B264-7BCE038B49F8}.Debug|x64.Build.0 = Debug|Any CPU
		{CFB5001B-7920-4097-B264-7BCE038B49F8}.Debug|x86.ActiveCfg = Debug|Any CPU
		{CFB5001B-7920-4097-B264-7BCE038B49F8}.Debug|x86.Build.0 = Debug|Any CPU
		{CFB5001B-7920-4097-B264-7BCE038B49F8}.Release|Any CPU.ActiveCfg = Release|Any CPU
		{CFB5001B-7920-4097-B264-7BCE038B49F8}.Release|Any CPU.Build.0 = Release|Any CPU
		{CFB5001B-7920-4097-B264-7BCE038B49F8}.Release|x64.ActiveCfg = Release|Any CPU
		{CFB5001B-7920-4097-B264-7BCE038B49F8}.Release|x64.Build.0 = Release|Any CPU
		{CFB5001B-7920-4097-B264-7BCE038B49F8}.Release|x86.ActiveCfg = Release|Any CPU
		{CFB5001B-7920-4097-B264-7BCE038B49F8}.Release|x86.Build.0 = Release|Any CPU
		{0287C181-1BC9-48CB-BB70-516E4CBBF81B}.Debug|Any CPU.ActiveCfg = Debug|Any CPU
		{0287C181-1BC9-48CB-BB70-516E4CBBF81B}.Debug|Any CPU.Build.0 = Debug|Any CPU
		{0287C181-1BC9-48CB-BB70-516E4CBBF81B}.Debug|x64.ActiveCfg = Debug|Any CPU
		{0287C181-1BC9-48CB-BB70-516E4CBBF81B}.Debug|x64.Build.0 = Debug|Any CPU
		{0287C181-1BC9-48CB-BB70-516E4CBBF81B}.Debug|x86.ActiveCfg = Debug|Any CPU
		{0287C181-1BC9-48CB-BB70-516E4CBBF81B}.Debug|x86.Build.0 = Debug|Any CPU
		{0287C181-1BC9-48CB-BB70-516E4CBBF81B}.Release|Any CPU.ActiveCfg = Release|Any CPU
		{0287C181-1BC9-48CB-BB70-516E4CBBF81B}.Release|Any CPU.Build.0 = Release|Any CPU
		{0287C181-1BC9-48CB-BB70-516E4CBBF81B}.Release|x64.ActiveCfg = Release|Any CPU
		{0287C181-1BC9-48CB-BB70-516E4CBBF81B}.Release|x64.Build.0 = Release|Any CPU
		{0287C181-1BC9-48CB-BB70-516E4CBBF81B}.Release|x86.ActiveCfg = Release|Any CPU
		{0287C181-1BC9-48CB-BB70-516E4CBBF81B}.Release|x86.Build.0 = Release|Any CPU
		{A7BDC884-6EF7-4146-8AC8-B04BCFBBA925}.Debug|Any CPU.ActiveCfg = Debug|x64
		{A7BDC884-6EF7-4146-8AC8-B04BCFBBA925}.Debug|Any CPU.Build.0 = Debug|x64
		{A7BDC884-6EF7-4146-8AC8-B04BCFBBA925}.Debug|x64.ActiveCfg = Debug|x64
		{A7BDC884-6EF7-4146-8AC8-B04BCFBBA925}.Debug|x64.Build.0 = Debug|x64
		{A7BDC884-6EF7-4146-8AC8-B04BCFBBA925}.Debug|x86.ActiveCfg = Debug|Win32
		{A7BDC884-6EF7-4146-8AC8-B04BCFBBA925}.Debug|x86.Build.0 = Debug|Win32
		{A7BDC884-6EF7-4146-8AC8-B04BCFBBA925}.Release|Any CPU.ActiveCfg = Release|x64
		{A7BDC884-6EF7-4146-8AC8-B04BCFBBA925}.Release|Any CPU.Build.0 = Release|x64
		{A7BDC884-6EF7-4146-8AC8-B04BCFBBA925}.Release|x64.ActiveCfg = Release|x64
		{A7BDC884-6EF7-4146-8AC8-B04BCFBBA925}.Release|x64.Build.0 = Release|x64
		{A7BDC884-6EF7-4146-8AC8-B04BCFBBA925}.Release|x86.ActiveCfg = Release|Win32
		{A7BDC884-6EF7-4146-8AC8-B04BCFBBA925}.Release|x86.Build.0 = Release|Win32
	EndGlobalSection
	GlobalSection(SolutionProperties) = preSolution
		HideSolutionNode = FALSE
	EndGlobalSection
	GlobalSection(NestedProjects) = preSolution
		{DD8A8A59-86D1-4450-BCA6-1165D7A27751} = {6AD0B9F5-B56E-418D-8CC6-B8C45BB86B3D}
		{41C7C294-23CF-4DE0-8554-DD7D9DE66CF7} = {6AD0B9F5-B56E-418D-8CC6-B8C45BB86B3D}
		{3F4497D3-1B6F-4248-8A06-2A3D53298FAF} = {6AD0B9F5-B56E-418D-8CC6-B8C45BB86B3D}
		{CFB5001B-7920-4097-B264-7BCE038B49F8} = {6AD0B9F5-B56E-418D-8CC6-B8C45BB86B3D}
		{0287C181-1BC9-48CB-BB70-516E4CBBF81B} = {6AD0B9F5-B56E-418D-8CC6-B8C45BB86B3D}
		{A7BDC884-6EF7-4146-8AC8-B04BCFBBA925} = {6AD0B9F5-B56E-418D-8CC6-B8C45BB86B3D}
	EndGlobalSection
	GlobalSection(ExtensibilityGlobals) = postSolution
		SolutionGuid = {FB0A86EF-3F84-4D54-BA77-84EDF5E71F4E}
	EndGlobalSection
EndGlobal
